// !$*UTF8*$!
{
	archiveVersion = 1;
	classes = {
	};
	objectVersion = 46;
	objects = {

/* Begin PBXBuildFile section */
		E9335D5F1D085F79001CD88A /* main.cpp in Sources */ = {isa = PBXBuildFile; fileRef = E9335D5E1D085F79001CD88A /* main.cpp */; };
		E9335D6A1D085F7D001CD88A /* main.cpp in Sources */ = {isa = PBXBuildFile; fileRef = E9335D691D085F7D001CD88A /* main.cpp */; };
		E9335D751D085F81001CD88A /* main.cpp in Sources */ = {isa = PBXBuildFile; fileRef = E9335D741D085F81001CD88A /* main.cpp */; };
		E9335D801D085F86001CD88A /* main.cpp in Sources */ = {isa = PBXBuildFile; fileRef = E9335D7F1D085F86001CD88A /* main.cpp */; };
		E9335D8B1D085F8B001CD88A /* main.cpp in Sources */ = {isa = PBXBuildFile; fileRef = E9335D8A1D085F8B001CD88A /* main.cpp */; };
/* End PBXBuildFile section */

/* Begin PBXCopyFilesBuildPhase section */
		E9335D5A1D085F79001CD88A /* CopyFiles */ = {
			isa = PBXCopyFilesBuildPhase;
			buildActionMask = 2147483647;
			dstPath = /usr/share/man/man1/;
			dstSubfolderSpec = 0;
			files = (
			);
			runOnlyForDeploymentPostprocessing = 1;
		};
		E9335D651D085F7D001CD88A /* CopyFiles */ = {
			isa = PBXCopyFilesBuildPhase;
			buildActionMask = 2147483647;
			dstPath = /usr/share/man/man1/;
			dstSubfolderSpec = 0;
			files = (
			);
			runOnlyForDeploymentPostprocessing = 1;
		};
		E9335D701D085F81001CD88A /* CopyFiles */ = {
			isa = PBXCopyFilesBuildPhase;
			buildActionMask = 2147483647;
			dstPath = /usr/share/man/man1/;
			dstSubfolderSpec = 0;
			files = (
			);
			runOnlyForDeploymentPostprocessing = 1;
		};
		E9335D7B1D085F86001CD88A /* CopyFiles */ = {
			isa = PBXCopyFilesBuildPhase;
			buildActionMask = 2147483647;
			dstPath = /usr/share/man/man1/;
			dstSubfolderSpec = 0;
			files = (
			);
			runOnlyForDeploymentPostprocessing = 1;
		};
		E9335D861D085F8B001CD88A /* CopyFiles */ = {
			isa = PBXCopyFilesBuildPhase;
			buildActionMask = 2147483647;
			dstPath = /usr/share/man/man1/;
			dstSubfolderSpec = 0;
			files = (
			);
			runOnlyForDeploymentPostprocessing = 1;
		};
/* End PBXCopyFilesBuildPhase section */

/* Begin PBXFileReference section */
		E9335D5C1D085F79001CD88A /* 1_One */ = {isa = PBXFileReference; explicitFileType = "compiled.mach-o.executable"; includeInIndex = 0; path = 1_One; sourceTree = BUILT_PRODUCTS_DIR; };
		E9335D5E1D085F79001CD88A /* main.cpp */ = {isa = PBXFileReference; lastKnownFileType = sourcecode.cpp.cpp; path = main.cpp; sourceTree = "<group>"; };
		E9335D671D085F7D001CD88A /* 2_Two */ = {isa = PBXFileReference; explicitFileType = "compiled.mach-o.executable"; includeInIndex = 0; path = 2_Two; sourceTree = BUILT_PRODUCTS_DIR; };
		E9335D691D085F7D001CD88A /* main.cpp */ = {isa = PBXFileReference; lastKnownFileType = sourcecode.cpp.cpp; path = main.cpp; sourceTree = "<group>"; };
		E9335D721D085F81001CD88A /* 3_Three */ = {isa = PBXFileReference; explicitFileType = "compiled.mach-o.executable"; includeInIndex = 0; path = 3_Three; sourceTree = BUILT_PRODUCTS_DIR; };
		E9335D741D085F81001CD88A /* main.cpp */ = {isa = PBXFileReference; lastKnownFileType = sourcecode.cpp.cpp; path = main.cpp; sourceTree = "<group>"; };
		E9335D7D1D085F86001CD88A /* 4_Four */ = {isa = PBXFileReference; explicitFileType = "compiled.mach-o.executable"; includeInIndex = 0; path = 4_Four; sourceTree = BUILT_PRODUCTS_DIR; };
		E9335D7F1D085F86001CD88A /* main.cpp */ = {isa = PBXFileReference; lastKnownFileType = sourcecode.cpp.cpp; path = main.cpp; sourceTree = "<group>"; };
		E9335D881D085F8B001CD88A /* 5_Five */ = {isa = PBXFileReference; explicitFileType = "compiled.mach-o.executable"; includeInIndex = 0; path = 5_Five; sourceTree = BUILT_PRODUCTS_DIR; };
		E9335D8A1D085F8B001CD88A /* main.cpp */ = {isa = PBXFileReference; lastKnownFileType = sourcecode.cpp.cpp; path = main.cpp; sourceTree = "<group>"; };
/* End PBXFileReference section */

/* Begin PBXFrameworksBuildPhase section */
		E9335D591D085F79001CD88A /* Frameworks */ = {
			isa = PBXFrameworksBuildPhase;
			buildActionMask = 2147483647;
			files = (
			);
			runOnlyForDeploymentPostprocessing = 0;
		};
		E9335D641D085F7D001CD88A /* Frameworks */ = {
			isa = PBXFrameworksBuildPhase;
			buildActionMask = 2147483647;
			files = (
			);
			runOnlyForDeploymentPostprocessing = 0;
		};
		E9335D6F1D085F81001CD88A /* Frameworks */ = {
			isa = PBXFrameworksBuildPhase;
			buildActionMask = 2147483647;
			files = (
			);
			runOnlyForDeploymentPostprocessing = 0;
		};
		E9335D7A1D085F86001CD88A /* Frameworks */ = {
			isa = PBXFrameworksBuildPhase;
			buildActionMask = 2147483647;
			files = (
			);
			runOnlyForDeploymentPostprocessing = 0;
		};
		E9335D851D085F8B001CD88A /* Frameworks */ = {
			isa = PBXFrameworksBuildPhase;
			buildActionMask = 2147483647;
			files = (
			);
			runOnlyForDeploymentPostprocessing = 0;
		};
/* End PBXFrameworksBuildPhase section */

/* Begin PBXGroup section */
		E9335D451D085F68001CD88A = {
			isa = PBXGroup;
			children = (
				E9335D5D1D085F79001CD88A /* 1_One */,
				E9335D681D085F7D001CD88A /* 2_Two */,
				E9335D731D085F81001CD88A /* 3_Three */,
				E9335D7E1D085F86001CD88A /* 4_Four */,
				E9335D891D085F8B001CD88A /* 5_Five */,
				E9335D4F1D085F68001CD88A /* Products */,
			);
			sourceTree = "<group>";
		};
		E9335D4F1D085F68001CD88A /* Products */ = {
			isa = PBXGroup;
			children = (
				E9335D5C1D085F79001CD88A /* 1_One */,
				E9335D671D085F7D001CD88A /* 2_Two */,
				E9335D721D085F81001CD88A /* 3_Three */,
				E9335D7D1D085F86001CD88A /* 4_Four */,
				E9335D881D085F8B001CD88A /* 5_Five */,
			);
			name = Products;
			sourceTree = "<group>";
		};
		E9335D5D1D085F79001CD88A /* 1_One */ = {
			isa = PBXGroup;
			children = (
				E9335D5E1D085F79001CD88A /* main.cpp */,
			);
			path = 1_One;
			sourceTree = "<group>";
		};
		E9335D681D085F7D001CD88A /* 2_Two */ = {
			isa = PBXGroup;
			children = (
				E9335D691D085F7D001CD88A /* main.cpp */,
			);
			path = 2_Two;
			sourceTree = "<group>";
		};
		E9335D731D085F81001CD88A /* 3_Three */ = {
			isa = PBXGroup;
			children = (
				E9335D741D085F81001CD88A /* main.cpp */,
			);
			path = 3_Three;
			sourceTree = "<group>";
		};
		E9335D7E1D085F86001CD88A /* 4_Four */ = {
			isa = PBXGroup;
			children = (
				E9335D7F1D085F86001CD88A /* main.cpp */,
			);
			path = 4_Four;
			sourceTree = "<group>";
		};
		E9335D891D085F8B001CD88A /* 5_Five */ = {
			isa = PBXGroup;
			children = (
				E9335D8A1D085F8B001CD88A /* main.cpp */,
			);
			path = 5_Five;
			sourceTree = "<group>";
		};
/* End PBXGroup section */

/* Begin PBXNativeTarget section */
		E9335D5B1D085F79001CD88A /* 1_One */ = {
			isa = PBXNativeTarget;
			buildConfigurationList = E9335D601D085F79001CD88A /* Build configuration list for PBXNativeTarget "1_One" */;
			buildPhases = (
				E9335D581D085F79001CD88A /* Sources */,
				E9335D591D085F79001CD88A /* Frameworks */,
				E9335D5A1D085F79001CD88A /* CopyFiles */,
			);
			buildRules = (
			);
			dependencies = (
			);
			name = 1_One;
			productName = 1_One;
			productReference = E9335D5C1D085F79001CD88A /* 1_One */;
			productType = "com.apple.product-type.tool";
		};
		E9335D661D085F7D001CD88A /* 2_Two */ = {
			isa = PBXNativeTarget;
			buildConfigurationList = E9335D6B1D085F7D001CD88A /* Build configuration list for PBXNativeTarget "2_Two" */;
			buildPhases = (
				E9335D631D085F7D001CD88A /* Sources */,
				E9335D641D085F7D001CD88A /* Frameworks */,
				E9335D651D085F7D001CD88A /* CopyFiles */,
			);
			buildRules = (
			);
			dependencies = (
			);
			name = 2_Two;
			productName = 2_Two;
			productReference = E9335D671D085F7D001CD88A /* 2_Two */;
			productType = "com.apple.product-type.tool";
		};
		E9335D711D085F81001CD88A /* 3_Three */ = {
			isa = PBXNativeTarget;
			buildConfigurationList = E9335D761D085F81001CD88A /* Build configuration list for PBXNativeTarget "3_Three" */;
			buildPhases = (
				E9335D6E1D085F81001CD88A /* Sources */,
				E9335D6F1D085F81001CD88A /* Frameworks */,
				E9335D701D085F81001CD88A /* CopyFiles */,
			);
			buildRules = (
			);
			dependencies = (
			);
			name = 3_Three;
			productName = 3_Three;
			productReference = E9335D721D085F81001CD88A /* 3_Three */;
			productType = "com.apple.product-type.tool";
		};
		E9335D7C1D085F86001CD88A /* 4_Four */ = {
			isa = PBXNativeTarget;
			buildConfigurationList = E9335D811D085F86001CD88A /* Build configuration list for PBXNativeTarget "4_Four" */;
			buildPhases = (
				E9335D791D085F86001CD88A /* Sources */,
				E9335D7A1D085F86001CD88A /* Frameworks */,
				E9335D7B1D085F86001CD88A /* CopyFiles */,
			);
			buildRules = (
			);
			dependencies = (
			);
			name = 4_Four;
			productName = 4_Four;
			productReference = E9335D7D1D085F86001CD88A /* 4_Four */;
			productType = "com.apple.product-type.tool";
		};
		E9335D871D085F8B001CD88A /* 5_Five */ = {
			isa = PBXNativeTarget;
			buildConfigurationList = E9335D8C1D085F8B001CD88A /* Build configuration list for PBXNativeTarget "5_Five" */;
			buildPhases = (
				E9335D841D085F8B001CD88A /* Sources */,
				E9335D851D085F8B001CD88A /* Frameworks */,
				E9335D861D085F8B001CD88A /* CopyFiles */,
			);
			buildRules = (
			);
			dependencies = (
			);
			name = 5_Five;
			productName = 5_Five;
			productReference = E9335D881D085F8B001CD88A /* 5_Five */;
			productType = "com.apple.product-type.tool";
		};
/* End PBXNativeTarget section */

/* Begin PBXProject section */
		E9335D461D085F68001CD88A /* Project object */ = {
			isa = PBXProject;
			attributes = {
				LastUpgradeCheck = 0730;
				ORGANIZATIONNAME = "Thomas Edlich";
				TargetAttributes = {
					E9335D5B1D085F79001CD88A = {
						CreatedOnToolsVersion = 7.3.1;
					};
					E9335D661D085F7D001CD88A = {
						CreatedOnToolsVersion = 7.3.1;
					};
					E9335D711D085F81001CD88A = {
						CreatedOnToolsVersion = 7.3.1;
					};
					E9335D7C1D085F86001CD88A = {
						CreatedOnToolsVersion = 7.3.1;
					};
					E9335D871D085F8B001CD88A = {
						CreatedOnToolsVersion = 7.3.1;
					};
				};
			};
			buildConfigurationList = E9335D491D085F68001CD88A /* Build configuration list for PBXProject "Week9" */;
			compatibilityVersion = "Xcode 3.2";
			developmentRegion = English;
			hasScannedForEncodings = 0;
			knownRegions = (
				en,
			);
			mainGroup = E9335D451D085F68001CD88A;
			productRefGroup = E9335D4F1D085F68001CD88A /* Products */;
			projectDirPath = "";
			projectRoot = "";
			targets = (
				E9335D5B1D085F79001CD88A /* 1_One */,
				E9335D661D085F7D001CD88A /* 2_Two */,
				E9335D711D085F81001CD88A /* 3_Three */,
				E9335D7C1D085F86001CD88A /* 4_Four */,
				E9335D871D085F8B001CD88A /* 5_Five */,
			);
		};
/* End PBXProject section */

/* Begin PBXSourcesBuildPhase section */
		E9335D581D085F79001CD88A /* Sources */ = {
			isa = PBXSourcesBuildPhase;
			buildActionMask = 2147483647;
			files = (
				E9335D5F1D085F79001CD88A /* main.cpp in Sources */,
			);
			runOnlyForDeploymentPostprocessing = 0;
		};
		E9335D631D085F7D001CD88A /* Sources */ = {
			isa = PBXSourcesBuildPhase;
			buildActionMask = 2147483647;
			files = (
				E9335D6A1D085F7D001CD88A /* main.cpp in Sources */,
			);
			runOnlyForDeploymentPostprocessing = 0;
		};
		E9335D6E1D085F81001CD88A /* Sources */ = {
			isa = PBXSourcesBuildPhase;
			buildActionMask = 2147483647;
			files = (
				E9335D751D085F81001CD88A /* main.cpp in Sources */,
			);
			runOnlyForDeploymentPostprocessing = 0;
		};
		E9335D791D085F86001CD88A /* Sources */ = {
			isa = PBXSourcesBuildPhase;
			buildActionMask = 2147483647;
			files = (
				E9335D801D085F86001CD88A /* main.cpp in Sources */,
			);
			runOnlyForDeploymentPostprocessing = 0;
		};
		E9335D841D085F8B001CD88A /* Sources */ = {
			isa = PBXSourcesBuildPhase;
			buildActionMask = 2147483647;
			files = (
				E9335D8B1D085F8B001CD88A /* main.cpp in Sources */,
			);
			runOnlyForDeploymentPostprocessing = 0;
		};
/* End PBXSourcesBuildPhase section */

/* Begin XCBuildConfiguration section */
		E9335D531D085F68001CD88A /* Debug */ = {
			isa = XCBuildConfiguration;
			buildSettings = {
				ALWAYS_SEARCH_USER_PATHS = NO;
				CLANG_ANALYZER_NONNULL = YES;
				CLANG_CXX_LANGUAGE_STANDARD = "gnu++0x";
				CLANG_CXX_LIBRARY = "libc++";
				CLANG_ENABLE_MODULES = YES;
				CLANG_ENABLE_OBJC_ARC = YES;
				CLANG_WARN_BOOL_CONVERSION = YES;
				CLANG_WARN_CONSTANT_CONVERSION = YES;
				CLANG_WARN_DIRECT_OBJC_ISA_USAGE = YES_ERROR;
				CLANG_WARN_EMPTY_BODY = YES;
				CLANG_WARN_ENUM_CONVERSION = YES;
				CLANG_WARN_INT_CONVERSION = YES;
				CLANG_WARN_OBJC_ROOT_CLASS = YES_ERROR;
				CLANG_WARN_UNREACHABLE_CODE = YES;
				CLANG_WARN__DUPLICATE_METHOD_MATCH = YES;
				CODE_SIGN_IDENTITY = "-";
				COPY_PHASE_STRIP = NO;
				DEBUG_INFORMATION_FORMAT = dwarf;
				ENABLE_STRICT_OBJC_MSGSEND = YES;
				ENABLE_TESTABILITY = YES;
				GCC_C_LANGUAGE_STANDARD = gnu99;
				GCC_DYNAMIC_NO_PIC = NO;
				GCC_NO_COMMON_BLOCKS = YES;
				GCC_OPTIMIZATION_LEVEL = 0;
				GCC_PREPROCESSOR_DEFINITIONS = (
					"DEBUG=1",
					"$(inherited)",
				);
				GCC_WARN_64_TO_32_BIT_CONVERSION = YES;
				GCC_WARN_ABOUT_RETURN_TYPE = YES_ERROR;
				GCC_WARN_UNDECLARED_SELECTOR = YES;
				GCC_WARN_UNINITIALIZED_AUTOS = YES_AGGRESSIVE;
				GCC_WARN_UNUSED_FUNCTION = YES;
				GCC_WARN_UNUSED_VARIABLE = YES;
				MACOSX_DEPLOYMENT_TARGET = 10.11;
				MTL_ENABLE_DEBUG_INFO = YES;
				ONLY_ACTIVE_ARCH = YES;
				SDKROOT = macosx;
			};
			name = Debug;
		};
		E9335D541D085F68001CD88A /* Release */ = {
			isa = XCBuildConfiguration;
			buildSettings = {
				ALWAYS_SEARCH_USER_PATHS = NO;
				CLANG_ANALYZER_NONNULL = YES;
				CLANG_CXX_LANGUAGE_STANDARD = "gnu++0x";
				CLANG_CXX_LIBRARY = "libc++";
				CLANG_ENABLE_MODULES = YES;
				CLANG_ENABLE_OBJC_ARC = YES;
				CLANG_WARN_BOOL_CONVERSION = YES;
				CLANG_WARN_CONSTANT_CONVERSION = YES;
				CLANG_WARN_DIRECT_OBJC_ISA_USAGE = YES_ERROR;
				CLANG_WARN_EMPTY_BODY = YES;
				CLANG_WARN_ENUM_CONVERSION = YES;
				CLANG_WARN_INT_CONVERSION = YES;
				CLANG_WARN_OBJC_ROOT_CLASS = YES_ERROR;
				CLANG_WARN_UNREACHABLE_CODE = YES;
				CLANG_WARN__DUPLICATE_METHOD_MATCH = YES;
				CODE_SIGN_IDENTITY = "-";
				COPY_PHASE_STRIP = NO;
				DEBUG_INFORMATION_FORMAT = "dwarf-with-dsym";
				ENABLE_NS_ASSERTIONS = NO;
				ENABLE_STRICT_OBJC_MSGSEND = YES;
				GCC_C_LANGUAGE_STANDARD = gnu99;
				GCC_NO_COMMON_BLOCKS = YES;
				GCC_WARN_64_TO_32_BIT_CONVERSION = YES;
				GCC_WARN_ABOUT_RETURN_TYPE = YES_ERROR;
				GCC_WARN_UNDECLARED_SELECTOR = YES;
				GCC_WARN_UNINITIALIZED_AUTOS = YES_AGGRESSIVE;
				GCC_WARN_UNUSED_FUNCTION = YES;
				GCC_WARN_UNUSED_VARIABLE = YES;
				MACOSX_DEPLOYMENT_TARGET = 10.11;
				MTL_ENABLE_DEBUG_INFO = NO;
				SDKROOT = macosx;
			};
			name = Release;
		};
		E9335D611D085F79001CD88A /* Debug */ = {
			isa = XCBuildConfiguration;
			buildSettings = {
				PRODUCT_NAME = "$(TARGET_NAME)";
			};
			name = Debug;
		};
		E9335D621D085F79001CD88A /* Release */ = {
			isa = XCBuildConfiguration;
			buildSettings = {
				PRODUCT_NAME = "$(TARGET_NAME)";
			};
			name = Release;
		};
		E9335D6C1D085F7D001CD88A /* Debug */ = {
			isa = XCBuildConfiguration;
			buildSettings = {
				PRODUCT_NAME = "$(TARGET_NAME)";
			};
			name = Debug;
		};
		E9335D6D1D085F7D001CD88A /* Release */ = {
			isa = XCBuildConfiguration;
			buildSettings = {
				PRODUCT_NAME = "$(TARGET_NAME)";
			};
			name = Release;
		};
		E9335D771D085F81001CD88A /* Debug */ = {
			isa = XCBuildConfiguration;
			buildSettings = {
				PRODUCT_NAME = "$(TARGET_NAME)";
			};
			name = Debug;
		};
		E9335D781D085F81001CD88A /* Release */ = {
			isa = XCBuildConfiguration;
			buildSettings = {
				PRODUCT_NAME = "$(TARGET_NAME)";
			};
			name = Release;
		};
		E9335D821D085F86001CD88A /* Debug */ = {
			isa = XCBuildConfiguration;
			buildSettings = {
				PRODUCT_NAME = "$(TARGET_NAME)";
			};
			name = Debug;
		};
		E9335D831D085F86001CD88A /* Release */ = {
			isa = XCBuildConfiguration;
			buildSettings = {
				PRODUCT_NAME = "$(TARGET_NAME)";
			};
			name = Release;
		};
		E9335D8D1D085F8B001CD88A /* Debug */ = {
			isa = XCBuildConfiguration;
			buildSettings = {
				PRODUCT_NAME = "$(TARGET_NAME)";
			};
			name = Debug;
		};
		E9335D8E1D085F8B001CD88A /* Release */ = {
			isa = XCBuildConfiguration;
			buildSettings = {
				PRODUCT_NAME = "$(TARGET_NAME)";
			};
			name = Release;
		};
/* End XCBuildConfiguration section */

/* Begin XCConfigurationList section */
		E9335D491D085F68001CD88A /* Build configuration list for PBXProject "Week9" */ = {
			isa = XCConfigurationList;
			buildConfigurations = (
				E9335D531D085F68001CD88A /* Debug */,
				E9335D541D085F68001CD88A /* Release */,
			);
			defaultConfigurationIsVisible = 0;
			defaultConfigurationName = Release;
		};
		E9335D601D085F79001CD88A /* Build configuration list for PBXNativeTarget "1_One" */ = {
			isa = XCConfigurationList;
			buildConfigurations = (
				E9335D611D085F79001CD88A /* Debug */,
				E9335D621D085F79001CD88A /* Release */,
			);
			defaultConfigurationIsVisible = 0;
		};
		E9335D6B1D085F7D001CD88A /* Build configuration list for PBXNativeTarget "2_Two" */ = {
			isa = XCConfigurationList;
			buildConfigurations = (
				E9335D6C1D085F7D001CD88A /* Debug */,
				E9335D6D1D085F7D001CD88A /* Release */,
			);
			defaultConfigurationIsVisible = 0;
		};
		E9335D761D085F81001CD88A /* Build configuration list for PBXNativeTarget "3_Three" */ = {
			isa = XCConfigurationList;
			buildConfigurations = (
				E9335D771D085F81001CD88A /* Debug */,
				E9335D781D085F81001CD88A /* Release */,
			);
			defaultConfigurationIsVisible = 0;
		};
		E9335D811D085F86001CD88A /* Build configuration list for PBXNativeTarget "4_Four" */ = {
			isa = XCConfigurationList;
			buildConfigurations = (
				E9335D821D085F86001CD88A /* Debug */,
				E9335D831D085F86001CD88A /* Release */,
			);
			defaultConfigurationIsVisible = 0;
		};
		E9335D8C1D085F8B001CD88A /* Build configuration list for PBXNativeTarget "5_Five" */ = {
			isa = XCConfigurationList;
			buildConfigurations = (
				E9335D8D1D085F8B001CD88A /* Debug */,
				E9335D8E1D085F8B001CD88A /* Release */,
			);
			defaultConfigurationIsVisible = 0;
		};
/* End XCConfigurationList section */
	};
	rootObject = E9335D461D085F68001CD88A /* Project object */;
}
