// !$*UTF8*$!
{
	archiveVersion = 1;
	classes = {
	};
	objectVersion = 46;
	objects = {

/* Begin PBXBuildFile section */
		E99A71931D1A894200A6073C /* one.cpp in Sources */ = {isa = PBXBuildFile; fileRef = E99A71921D1A894200A6073C /* one.cpp */; };
		E99A719E1D1A894500A6073C /* two.cpp in Sources */ = {isa = PBXBuildFile; fileRef = E99A719D1D1A894500A6073C /* two.cpp */; };
		E99A71A91D1A894900A6073C /* three.cpp in Sources */ = {isa = PBXBuildFile; fileRef = E99A71A81D1A894900A6073C /* three.cpp */; };
		E99A71B41D1A894C00A6073C /* four.cpp in Sources */ = {isa = PBXBuildFile; fileRef = E99A71B31D1A894C00A6073C /* four.cpp */; };
		E99A71BF1D1A895000A6073C /* five.cpp in Sources */ = {isa = PBXBuildFile; fileRef = E99A71BE1D1A895000A6073C /* five.cpp */; };
/* End PBXBuildFile section */

/* Begin PBXCopyFilesBuildPhase section */
		E99A718E1D1A894200A6073C /* CopyFiles */ = {
			isa = PBXCopyFilesBuildPhase;
			buildActionMask = 2147483647;
			dstPath = /usr/share/man/man1/;
			dstSubfolderSpec = 0;
			files = (
			);
			runOnlyForDeploymentPostprocessing = 1;
		};
		E99A71991D1A894500A6073C /* CopyFiles */ = {
			isa = PBXCopyFilesBuildPhase;
			buildActionMask = 2147483647;
			dstPath = /usr/share/man/man1/;
			dstSubfolderSpec = 0;
			files = (
			);
			runOnlyForDeploymentPostprocessing = 1;
		};
		E99A71A41D1A894900A6073C /* CopyFiles */ = {
			isa = PBXCopyFilesBuildPhase;
			buildActionMask = 2147483647;
			dstPath = /usr/share/man/man1/;
			dstSubfolderSpec = 0;
			files = (
			);
			runOnlyForDeploymentPostprocessing = 1;
		};
		E99A71AF1D1A894C00A6073C /* CopyFiles */ = {
			isa = PBXCopyFilesBuildPhase;
			buildActionMask = 2147483647;
			dstPath = /usr/share/man/man1/;
			dstSubfolderSpec = 0;
			files = (
			);
			runOnlyForDeploymentPostprocessing = 1;
		};
		E99A71BA1D1A895000A6073C /* CopyFiles */ = {
			isa = PBXCopyFilesBuildPhase;
			buildActionMask = 2147483647;
			dstPath = /usr/share/man/man1/;
			dstSubfolderSpec = 0;
			files = (
			);
			runOnlyForDeploymentPostprocessing = 1;
		};
/* End PBXCopyFilesBuildPhase section */

/* Begin PBXFileReference section */
		E99A71901D1A894200A6073C /* 1_One */ = {isa = PBXFileReference; explicitFileType = "compiled.mach-o.executable"; includeInIndex = 0; path = 1_One; sourceTree = BUILT_PRODUCTS_DIR; };
		E99A71921D1A894200A6073C /* one.cpp */ = {isa = PBXFileReference; lastKnownFileType = sourcecode.cpp.cpp; path = one.cpp; sourceTree = "<group>"; };
		E99A719B1D1A894500A6073C /* 2_Two */ = {isa = PBXFileReference; explicitFileType = "compiled.mach-o.executable"; includeInIndex = 0; path = 2_Two; sourceTree = BUILT_PRODUCTS_DIR; };
		E99A719D1D1A894500A6073C /* two.cpp */ = {isa = PBXFileReference; lastKnownFileType = sourcecode.cpp.cpp; path = two.cpp; sourceTree = "<group>"; };
		E99A71A61D1A894900A6073C /* 3_Three */ = {isa = PBXFileReference; explicitFileType = "compiled.mach-o.executable"; includeInIndex = 0; path = 3_Three; sourceTree = BUILT_PRODUCTS_DIR; };
		E99A71A81D1A894900A6073C /* three.cpp */ = {isa = PBXFileReference; lastKnownFileType = sourcecode.cpp.cpp; path = three.cpp; sourceTree = "<group>"; };
		E99A71B11D1A894C00A6073C /* 4_Four */ = {isa = PBXFileReference; explicitFileType = "compiled.mach-o.executable"; includeInIndex = 0; path = 4_Four; sourceTree = BUILT_PRODUCTS_DIR; };
		E99A71B31D1A894C00A6073C /* four.cpp */ = {isa = PBXFileReference; lastKnownFileType = sourcecode.cpp.cpp; path = four.cpp; sourceTree = "<group>"; };
		E99A71BC1D1A895000A6073C /* 5_Five */ = {isa = PBXFileReference; explicitFileType = "compiled.mach-o.executable"; includeInIndex = 0; path = 5_Five; sourceTree = BUILT_PRODUCTS_DIR; };
		E99A71BE1D1A895000A6073C /* five.cpp */ = {isa = PBXFileReference; lastKnownFileType = sourcecode.cpp.cpp; path = five.cpp; sourceTree = "<group>"; };
/* End PBXFileReference section */

/* Begin PBXFrameworksBuildPhase section */
		E99A718D1D1A894200A6073C /* Frameworks */ = {
			isa = PBXFrameworksBuildPhase;
			buildActionMask = 2147483647;
			files = (
			);
			runOnlyForDeploymentPostprocessing = 0;
		};
		E99A71981D1A894500A6073C /* Frameworks */ = {
			isa = PBXFrameworksBuildPhase;
			buildActionMask = 2147483647;
			files = (
			);
			runOnlyForDeploymentPostprocessing = 0;
		};
		E99A71A31D1A894900A6073C /* Frameworks */ = {
			isa = PBXFrameworksBuildPhase;
			buildActionMask = 2147483647;
			files = (
			);
			runOnlyForDeploymentPostprocessing = 0;
		};
		E99A71AE1D1A894C00A6073C /* Frameworks */ = {
			isa = PBXFrameworksBuildPhase;
			buildActionMask = 2147483647;
			files = (
			);
			runOnlyForDeploymentPostprocessing = 0;
		};
		E99A71B91D1A895000A6073C /* Frameworks */ = {
			isa = PBXFrameworksBuildPhase;
			buildActionMask = 2147483647;
			files = (
			);
			runOnlyForDeploymentPostprocessing = 0;
		};
/* End PBXFrameworksBuildPhase section */

/* Begin PBXGroup section */
		E99A71791D1A892E00A6073C = {
			isa = PBXGroup;
			children = (
				E99A71911D1A894200A6073C /* 1_One */,
				E99A719C1D1A894500A6073C /* 2_Two */,
				E99A71A71D1A894900A6073C /* 3_Three */,
				E99A71B21D1A894C00A6073C /* 4_Four */,
				E99A71BD1D1A895000A6073C /* 5_Five */,
				E99A71831D1A892E00A6073C /* Products */,
			);
			sourceTree = "<group>";
		};
		E99A71831D1A892E00A6073C /* Products */ = {
			isa = PBXGroup;
			children = (
				E99A71901D1A894200A6073C /* 1_One */,
				E99A719B1D1A894500A6073C /* 2_Two */,
				E99A71A61D1A894900A6073C /* 3_Three */,
				E99A71B11D1A894C00A6073C /* 4_Four */,
				E99A71BC1D1A895000A6073C /* 5_Five */,
			);
			name = Products;
			sourceTree = "<group>";
		};
		E99A71911D1A894200A6073C /* 1_One */ = {
			isa = PBXGroup;
			children = (
				E99A71921D1A894200A6073C /* one.cpp */,
			);
			path = 1_One;
			sourceTree = "<group>";
		};
		E99A719C1D1A894500A6073C /* 2_Two */ = {
			isa = PBXGroup;
			children = (
				E99A719D1D1A894500A6073C /* two.cpp */,
			);
			path = 2_Two;
			sourceTree = "<group>";
		};
		E99A71A71D1A894900A6073C /* 3_Three */ = {
			isa = PBXGroup;
			children = (
				E99A71A81D1A894900A6073C /* three.cpp */,
			);
			path = 3_Three;
			sourceTree = "<group>";
		};
		E99A71B21D1A894C00A6073C /* 4_Four */ = {
			isa = PBXGroup;
			children = (
				E99A71B31D1A894C00A6073C /* four.cpp */,
			);
			path = 4_Four;
			sourceTree = "<group>";
		};
		E99A71BD1D1A895000A6073C /* 5_Five */ = {
			isa = PBXGroup;
			children = (
				E99A71BE1D1A895000A6073C /* five.cpp */,
			);
			path = 5_Five;
			sourceTree = "<group>";
		};
/* End PBXGroup section */

/* Begin PBXNativeTarget section */
		E99A718F1D1A894200A6073C /* 1_One */ = {
			isa = PBXNativeTarget;
			buildConfigurationList = E99A71941D1A894200A6073C /* Build configuration list for PBXNativeTarget "1_One" */;
			buildPhases = (
				E99A718C1D1A894200A6073C /* Sources */,
				E99A718D1D1A894200A6073C /* Frameworks */,
				E99A718E1D1A894200A6073C /* CopyFiles */,
			);
			buildRules = (
			);
			dependencies = (
			);
			name = 1_One;
			productName = 1_One;
			productReference = E99A71901D1A894200A6073C /* 1_One */;
			productType = "com.apple.product-type.tool";
		};
		E99A719A1D1A894500A6073C /* 2_Two */ = {
			isa = PBXNativeTarget;
			buildConfigurationList = E99A719F1D1A894500A6073C /* Build configuration list for PBXNativeTarget "2_Two" */;
			buildPhases = (
				E99A71971D1A894500A6073C /* Sources */,
				E99A71981D1A894500A6073C /* Frameworks */,
				E99A71991D1A894500A6073C /* CopyFiles */,
			);
			buildRules = (
			);
			dependencies = (
			);
			name = 2_Two;
			productName = 2_Two;
			productReference = E99A719B1D1A894500A6073C /* 2_Two */;
			productType = "com.apple.product-type.tool";
		};
		E99A71A51D1A894900A6073C /* 3_Three */ = {
			isa = PBXNativeTarget;
			buildConfigurationList = E99A71AA1D1A894900A6073C /* Build configuration list for PBXNativeTarget "3_Three" */;
			buildPhases = (
				E99A71A21D1A894900A6073C /* Sources */,
				E99A71A31D1A894900A6073C /* Frameworks */,
				E99A71A41D1A894900A6073C /* CopyFiles */,
			);
			buildRules = (
			);
			dependencies = (
			);
			name = 3_Three;
			productName = 3_Three;
			productReference = E99A71A61D1A894900A6073C /* 3_Three */;
			productType = "com.apple.product-type.tool";
		};
		E99A71B01D1A894C00A6073C /* 4_Four */ = {
			isa = PBXNativeTarget;
			buildConfigurationList = E99A71B51D1A894C00A6073C /* Build configuration list for PBXNativeTarget "4_Four" */;
			buildPhases = (
				E99A71AD1D1A894C00A6073C /* Sources */,
				E99A71AE1D1A894C00A6073C /* Frameworks */,
				E99A71AF1D1A894C00A6073C /* CopyFiles */,
			);
			buildRules = (
			);
			dependencies = (
			);
			name = 4_Four;
			productName = 4_Four;
			productReference = E99A71B11D1A894C00A6073C /* 4_Four */;
			productType = "com.apple.product-type.tool";
		};
		E99A71BB1D1A895000A6073C /* 5_Five */ = {
			isa = PBXNativeTarget;
			buildConfigurationList = E99A71C01D1A895000A6073C /* Build configuration list for PBXNativeTarget "5_Five" */;
			buildPhases = (
				E99A71B81D1A895000A6073C /* Sources */,
				E99A71B91D1A895000A6073C /* Frameworks */,
				E99A71BA1D1A895000A6073C /* CopyFiles */,
			);
			buildRules = (
			);
			dependencies = (
			);
			name = 5_Five;
			productName = 5_Five;
			productReference = E99A71BC1D1A895000A6073C /* 5_Five */;
			productType = "com.apple.product-type.tool";
		};
/* End PBXNativeTarget section */

/* Begin PBXProject section */
		E99A717A1D1A892E00A6073C /* Project object */ = {
			isa = PBXProject;
			attributes = {
				LastUpgradeCheck = 0730;
				ORGANIZATIONNAME = "Thomas Edlich";
				TargetAttributes = {
					E99A718F1D1A894200A6073C = {
						CreatedOnToolsVersion = 7.3.1;
					};
					E99A719A1D1A894500A6073C = {
						CreatedOnToolsVersion = 7.3.1;
					};
					E99A71A51D1A894900A6073C = {
						CreatedOnToolsVersion = 7.3.1;
					};
					E99A71B01D1A894C00A6073C = {
						CreatedOnToolsVersion = 7.3.1;
					};
					E99A71BB1D1A895000A6073C = {
						CreatedOnToolsVersion = 7.3.1;
					};
				};
			};
			buildConfigurationList = E99A717D1D1A892E00A6073C /* Build configuration list for PBXProject "Week11" */;
			compatibilityVersion = "Xcode 3.2";
			developmentRegion = English;
			hasScannedForEncodings = 0;
			knownRegions = (
				en,
			);
			mainGroup = E99A71791D1A892E00A6073C;
			productRefGroup = E99A71831D1A892E00A6073C /* Products */;
			projectDirPath = "";
			projectRoot = "";
			targets = (
				E99A718F1D1A894200A6073C /* 1_One */,
				E99A719A1D1A894500A6073C /* 2_Two */,
				E99A71A51D1A894900A6073C /* 3_Three */,
				E99A71B01D1A894C00A6073C /* 4_Four */,
				E99A71BB1D1A895000A6073C /* 5_Five */,
			);
		};
/* End PBXProject section */

/* Begin PBXSourcesBuildPhase section */
		E99A718C1D1A894200A6073C /* Sources */ = {
			isa = PBXSourcesBuildPhase;
			buildActionMask = 2147483647;
			files = (
				E99A71931D1A894200A6073C /* one.cpp in Sources */,
			);
			runOnlyForDeploymentPostprocessing = 0;
		};
		E99A71971D1A894500A6073C /* Sources */ = {
			isa = PBXSourcesBuildPhase;
			buildActionMask = 2147483647;
			files = (
				E99A719E1D1A894500A6073C /* two.cpp in Sources */,
			);
			runOnlyForDeploymentPostprocessing = 0;
		};
		E99A71A21D1A894900A6073C /* Sources */ = {
			isa = PBXSourcesBuildPhase;
			buildActionMask = 2147483647;
			files = (
				E99A71A91D1A894900A6073C /* three.cpp in Sources */,
			);
			runOnlyForDeploymentPostprocessing = 0;
		};
		E99A71AD1D1A894C00A6073C /* Sources */ = {
			isa = PBXSourcesBuildPhase;
			buildActionMask = 2147483647;
			files = (
				E99A71B41D1A894C00A6073C /* four.cpp in Sources */,
			);
			runOnlyForDeploymentPostprocessing = 0;
		};
		E99A71B81D1A895000A6073C /* Sources */ = {
			isa = PBXSourcesBuildPhase;
			buildActionMask = 2147483647;
			files = (
				E99A71BF1D1A895000A6073C /* five.cpp in Sources */,
			);
			runOnlyForDeploymentPostprocessing = 0;
		};
/* End PBXSourcesBuildPhase section */

/* Begin XCBuildConfiguration section */
		E99A71871D1A892E00A6073C /* Debug */ = {
			isa = XCBuildConfiguration;
			buildSettings = {
				ALWAYS_SEARCH_USER_PATHS = NO;
				CLANG_ANALYZER_NONNULL = YES;
				CLANG_CXX_LANGUAGE_STANDARD = "gnu++0x";
				CLANG_CXX_LIBRARY = "libc++";
				CLANG_ENABLE_MODULES = YES;
				CLANG_ENABLE_OBJC_ARC = YES;
				CLANG_WARN_BOOL_CONVERSION = YES;
				CLANG_WARN_CONSTANT_CONVERSION = YES;
				CLANG_WARN_DIRECT_OBJC_ISA_USAGE = YES_ERROR;
				CLANG_WARN_EMPTY_BODY = YES;
				CLANG_WARN_ENUM_CONVERSION = YES;
				CLANG_WARN_INT_CONVERSION = YES;
				CLANG_WARN_OBJC_ROOT_CLASS = YES_ERROR;
				CLANG_WARN_UNREACHABLE_CODE = YES;
				CLANG_WARN__DUPLICATE_METHOD_MATCH = YES;
				CODE_SIGN_IDENTITY = "-";
				COPY_PHASE_STRIP = NO;
				DEBUG_INFORMATION_FORMAT = dwarf;
				ENABLE_STRICT_OBJC_MSGSEND = YES;
				ENABLE_TESTABILITY = YES;
				GCC_C_LANGUAGE_STANDARD = gnu99;
				GCC_DYNAMIC_NO_PIC = NO;
				GCC_NO_COMMON_BLOCKS = YES;
				GCC_OPTIMIZATION_LEVEL = 0;
				GCC_PREPROCESSOR_DEFINITIONS = (
					"DEBUG=1",
					"$(inherited)",
				);
				GCC_WARN_64_TO_32_BIT_CONVERSION = YES;
				GCC_WARN_ABOUT_RETURN_TYPE = YES_ERROR;
				GCC_WARN_UNDECLARED_SELECTOR = YES;
				GCC_WARN_UNINITIALIZED_AUTOS = YES_AGGRESSIVE;
				GCC_WARN_UNUSED_FUNCTION = YES;
				GCC_WARN_UNUSED_VARIABLE = YES;
				MACOSX_DEPLOYMENT_TARGET = 10.11;
				MTL_ENABLE_DEBUG_INFO = YES;
				ONLY_ACTIVE_ARCH = YES;
				SDKROOT = macosx;
			};
			name = Debug;
		};
		E99A71881D1A892E00A6073C /* Release */ = {
			isa = XCBuildConfiguration;
			buildSettings = {
				ALWAYS_SEARCH_USER_PATHS = NO;
				CLANG_ANALYZER_NONNULL = YES;
				CLANG_CXX_LANGUAGE_STANDARD = "gnu++0x";
				CLANG_CXX_LIBRARY = "libc++";
				CLANG_ENABLE_MODULES = YES;
				CLANG_ENABLE_OBJC_ARC = YES;
				CLANG_WARN_BOOL_CONVERSION = YES;
				CLANG_WARN_CONSTANT_CONVERSION = YES;
				CLANG_WARN_DIRECT_OBJC_ISA_USAGE = YES_ERROR;
				CLANG_WARN_EMPTY_BODY = YES;
				CLANG_WARN_ENUM_CONVERSION = YES;
				CLANG_WARN_INT_CONVERSION = YES;
				CLANG_WARN_OBJC_ROOT_CLASS = YES_ERROR;
				CLANG_WARN_UNREACHABLE_CODE = YES;
				CLANG_WARN__DUPLICATE_METHOD_MATCH = YES;
				CODE_SIGN_IDENTITY = "-";
				COPY_PHASE_STRIP = NO;
				DEBUG_INFORMATION_FORMAT = "dwarf-with-dsym";
				ENABLE_NS_ASSERTIONS = NO;
				ENABLE_STRICT_OBJC_MSGSEND = YES;
				GCC_C_LANGUAGE_STANDARD = gnu99;
				GCC_NO_COMMON_BLOCKS = YES;
				GCC_WARN_64_TO_32_BIT_CONVERSION = YES;
				GCC_WARN_ABOUT_RETURN_TYPE = YES_ERROR;
				GCC_WARN_UNDECLARED_SELECTOR = YES;
				GCC_WARN_UNINITIALIZED_AUTOS = YES_AGGRESSIVE;
				GCC_WARN_UNUSED_FUNCTION = YES;
				GCC_WARN_UNUSED_VARIABLE = YES;
				MACOSX_DEPLOYMENT_TARGET = 10.11;
				MTL_ENABLE_DEBUG_INFO = NO;
				SDKROOT = macosx;
			};
			name = Release;
		};
		E99A71951D1A894200A6073C /* Debug */ = {
			isa = XCBuildConfiguration;
			buildSettings = {
				PRODUCT_NAME = "$(TARGET_NAME)";
			};
			name = Debug;
		};
		E99A71961D1A894200A6073C /* Release */ = {
			isa = XCBuildConfiguration;
			buildSettings = {
				PRODUCT_NAME = "$(TARGET_NAME)";
			};
			name = Release;
		};
		E99A71A01D1A894500A6073C /* Debug */ = {
			isa = XCBuildConfiguration;
			buildSettings = {
				PRODUCT_NAME = "$(TARGET_NAME)";
			};
			name = Debug;
		};
		E99A71A11D1A894500A6073C /* Release */ = {
			isa = XCBuildConfiguration;
			buildSettings = {
				PRODUCT_NAME = "$(TARGET_NAME)";
			};
			name = Release;
		};
		E99A71AB1D1A894900A6073C /* Debug */ = {
			isa = XCBuildConfiguration;
			buildSettings = {
				PRODUCT_NAME = "$(TARGET_NAME)";
			};
			name = Debug;
		};
		E99A71AC1D1A894900A6073C /* Release */ = {
			isa = XCBuildConfiguration;
			buildSettings = {
				PRODUCT_NAME = "$(TARGET_NAME)";
			};
			name = Release;
		};
		E99A71B61D1A894C00A6073C /* Debug */ = {
			isa = XCBuildConfiguration;
			buildSettings = {
				PRODUCT_NAME = "$(TARGET_NAME)";
			};
			name = Debug;
		};
		E99A71B71D1A894C00A6073C /* Release */ = {
			isa = XCBuildConfiguration;
			buildSettings = {
				PRODUCT_NAME = "$(TARGET_NAME)";
			};
			name = Release;
		};
		E99A71C11D1A895000A6073C /* Debug */ = {
			isa = XCBuildConfiguration;
			buildSettings = {
				PRODUCT_NAME = "$(TARGET_NAME)";
			};
			name = Debug;
		};
		E99A71C21D1A895000A6073C /* Release */ = {
			isa = XCBuildConfiguration;
			buildSettings = {
				PRODUCT_NAME = "$(TARGET_NAME)";
			};
			name = Release;
		};
/* End XCBuildConfiguration section */

/* Begin XCConfigurationList section */
		E99A717D1D1A892E00A6073C /* Build configuration list for PBXProject "Week11" */ = {
			isa = XCConfigurationList;
			buildConfigurations = (
				E99A71871D1A892E00A6073C /* Debug */,
				E99A71881D1A892E00A6073C /* Release */,
			);
			defaultConfigurationIsVisible = 0;
			defaultConfigurationName = Release;
		};
		E99A71941D1A894200A6073C /* Build configuration list for PBXNativeTarget "1_One" */ = {
			isa = XCConfigurationList;
			buildConfigurations = (
				E99A71951D1A894200A6073C /* Debug */,
				E99A71961D1A894200A6073C /* Release */,
			);
			defaultConfigurationIsVisible = 0;
		};
		E99A719F1D1A894500A6073C /* Build configuration list for PBXNativeTarget "2_Two" */ = {
			isa = XCConfigurationList;
			buildConfigurations = (
				E99A71A01D1A894500A6073C /* Debug */,
				E99A71A11D1A894500A6073C /* Release */,
			);
			defaultConfigurationIsVisible = 0;
		};
		E99A71AA1D1A894900A6073C /* Build configuration list for PBXNativeTarget "3_Three" */ = {
			isa = XCConfigurationList;
			buildConfigurations = (
				E99A71AB1D1A894900A6073C /* Debug */,
				E99A71AC1D1A894900A6073C /* Release */,
			);
			defaultConfigurationIsVisible = 0;
		};
		E99A71B51D1A894C00A6073C /* Build configuration list for PBXNativeTarget "4_Four" */ = {
			isa = XCConfigurationList;
			buildConfigurations = (
				E99A71B61D1A894C00A6073C /* Debug */,
				E99A71B71D1A894C00A6073C /* Release */,
			);
			defaultConfigurationIsVisible = 0;
		};
		E99A71C01D1A895000A6073C /* Build configuration list for PBXNativeTarget "5_Five" */ = {
			isa = XCConfigurationList;
			buildConfigurations = (
				E99A71C11D1A895000A6073C /* Debug */,
				E99A71C21D1A895000A6073C /* Release */,
			);
			defaultConfigurationIsVisible = 0;
		};
/* End XCConfigurationList section */
	};
	rootObject = E99A717A1D1A892E00A6073C /* Project object */;
}
