// !$*UTF8*$!
{
	archiveVersion = 1;
	classes = {
	};
	objectVersion = 46;
	objects = {

/* Begin PBXBuildFile section */
		E993E9401CD72789007221BE /* one.cpp in Sources */ = {isa = PBXBuildFile; fileRef = E993E93F1CD72789007221BE /* one.cpp */; };
		E993E94B1CD72792007221BE /* two.cpp in Sources */ = {isa = PBXBuildFile; fileRef = E993E94A1CD72792007221BE /* two.cpp */; };
		E993E9561CD72799007221BE /* three.cpp in Sources */ = {isa = PBXBuildFile; fileRef = E993E9551CD72799007221BE /* three.cpp */; };
		E993E9871CD727E6007221BE /* four.cpp in Sources */ = {isa = PBXBuildFile; fileRef = E993E9861CD727E6007221BE /* four.cpp */; };
		E993E9921CD727EC007221BE /* five.cpp in Sources */ = {isa = PBXBuildFile; fileRef = E993E9911CD727EC007221BE /* five.cpp */; };
/* End PBXBuildFile section */

/* Begin PBXCopyFilesBuildPhase section */
		E993E93B1CD72789007221BE /* CopyFiles */ = {
			isa = PBXCopyFilesBuildPhase;
			buildActionMask = 2147483647;
			dstPath = /usr/share/man/man1/;
			dstSubfolderSpec = 0;
			files = (
			);
			runOnlyForDeploymentPostprocessing = 1;
		};
		E993E9461CD72792007221BE /* CopyFiles */ = {
			isa = PBXCopyFilesBuildPhase;
			buildActionMask = 2147483647;
			dstPath = /usr/share/man/man1/;
			dstSubfolderSpec = 0;
			files = (
			);
			runOnlyForDeploymentPostprocessing = 1;
		};
		E993E9511CD72799007221BE /* CopyFiles */ = {
			isa = PBXCopyFilesBuildPhase;
			buildActionMask = 2147483647;
			dstPath = /usr/share/man/man1/;
			dstSubfolderSpec = 0;
			files = (
			);
			runOnlyForDeploymentPostprocessing = 1;
		};
		E993E9821CD727E6007221BE /* CopyFiles */ = {
			isa = PBXCopyFilesBuildPhase;
			buildActionMask = 2147483647;
			dstPath = /usr/share/man/man1/;
			dstSubfolderSpec = 0;
			files = (
			);
			runOnlyForDeploymentPostprocessing = 1;
		};
		E993E98D1CD727EC007221BE /* CopyFiles */ = {
			isa = PBXCopyFilesBuildPhase;
			buildActionMask = 2147483647;
			dstPath = /usr/share/man/man1/;
			dstSubfolderSpec = 0;
			files = (
			);
			runOnlyForDeploymentPostprocessing = 1;
		};
/* End PBXCopyFilesBuildPhase section */

/* Begin PBXFileReference section */
		E9027C9D1CDD1B54009BD3FB /* File */ = {isa = PBXFileReference; fileEncoding = 4; lastKnownFileType = text; path = File; sourceTree = "<group>"; };
		E993E93D1CD72789007221BE /* 1_One */ = {isa = PBXFileReference; explicitFileType = "compiled.mach-o.executable"; includeInIndex = 0; path = 1_One; sourceTree = BUILT_PRODUCTS_DIR; };
		E993E93F1CD72789007221BE /* one.cpp */ = {isa = PBXFileReference; lastKnownFileType = sourcecode.cpp.cpp; path = one.cpp; sourceTree = "<group>"; };
		E993E9481CD72792007221BE /* 2_Two */ = {isa = PBXFileReference; explicitFileType = "compiled.mach-o.executable"; includeInIndex = 0; path = 2_Two; sourceTree = BUILT_PRODUCTS_DIR; };
		E993E94A1CD72792007221BE /* two.cpp */ = {isa = PBXFileReference; lastKnownFileType = sourcecode.cpp.cpp; path = two.cpp; sourceTree = "<group>"; };
		E993E9531CD72799007221BE /* 3_Three */ = {isa = PBXFileReference; explicitFileType = "compiled.mach-o.executable"; includeInIndex = 0; path = 3_Three; sourceTree = BUILT_PRODUCTS_DIR; };
		E993E9551CD72799007221BE /* three.cpp */ = {isa = PBXFileReference; lastKnownFileType = sourcecode.cpp.cpp; path = three.cpp; sourceTree = "<group>"; };
		E993E9841CD727E6007221BE /* 4_Four */ = {isa = PBXFileReference; explicitFileType = "compiled.mach-o.executable"; includeInIndex = 0; path = 4_Four; sourceTree = BUILT_PRODUCTS_DIR; };
		E993E9861CD727E6007221BE /* four.cpp */ = {isa = PBXFileReference; lastKnownFileType = sourcecode.cpp.cpp; path = four.cpp; sourceTree = "<group>"; };
		E993E98F1CD727EC007221BE /* 5_Five */ = {isa = PBXFileReference; explicitFileType = "compiled.mach-o.executable"; includeInIndex = 0; path = 5_Five; sourceTree = BUILT_PRODUCTS_DIR; };
		E993E9911CD727EC007221BE /* five.cpp */ = {isa = PBXFileReference; lastKnownFileType = sourcecode.cpp.cpp; path = five.cpp; sourceTree = "<group>"; };
		E9FF30171CE105E700B00C74 /* File */ = {isa = PBXFileReference; fileEncoding = 4; lastKnownFileType = text; path = File; sourceTree = "<group>"; };
/* End PBXFileReference section */

/* Begin PBXFrameworksBuildPhase section */
		E993E93A1CD72789007221BE /* Frameworks */ = {
			isa = PBXFrameworksBuildPhase;
			buildActionMask = 2147483647;
			files = (
			);
			runOnlyForDeploymentPostprocessing = 0;
		};
		E993E9451CD72792007221BE /* Frameworks */ = {
			isa = PBXFrameworksBuildPhase;
			buildActionMask = 2147483647;
			files = (
			);
			runOnlyForDeploymentPostprocessing = 0;
		};
		E993E9501CD72799007221BE /* Frameworks */ = {
			isa = PBXFrameworksBuildPhase;
			buildActionMask = 2147483647;
			files = (
			);
			runOnlyForDeploymentPostprocessing = 0;
		};
		E993E9811CD727E6007221BE /* Frameworks */ = {
			isa = PBXFrameworksBuildPhase;
			buildActionMask = 2147483647;
			files = (
			);
			runOnlyForDeploymentPostprocessing = 0;
		};
		E993E98C1CD727EC007221BE /* Frameworks */ = {
			isa = PBXFrameworksBuildPhase;
			buildActionMask = 2147483647;
			files = (
			);
			runOnlyForDeploymentPostprocessing = 0;
		};
/* End PBXFrameworksBuildPhase section */

/* Begin PBXGroup section */
		E993E9261CD7277F007221BE = {
			isa = PBXGroup;
			children = (
				E993E93E1CD72789007221BE /* 1_One */,
				E993E9491CD72792007221BE /* 2_Two */,
				E993E9541CD72799007221BE /* 3_Three */,
				E993E9851CD727E6007221BE /* 4_Four */,
				E993E9901CD727EC007221BE /* 5_Five */,
				E993E9301CD7277F007221BE /* Products */,
			);
			sourceTree = "<group>";
		};
		E993E9301CD7277F007221BE /* Products */ = {
			isa = PBXGroup;
			children = (
				E993E93D1CD72789007221BE /* 1_One */,
				E993E9481CD72792007221BE /* 2_Two */,
				E993E9531CD72799007221BE /* 3_Three */,
				E993E9841CD727E6007221BE /* 4_Four */,
				E993E98F1CD727EC007221BE /* 5_Five */,
			);
			name = Products;
			sourceTree = "<group>";
		};
		E993E93E1CD72789007221BE /* 1_One */ = {
			isa = PBXGroup;
			children = (
				E993E93F1CD72789007221BE /* one.cpp */,
			);
			path = 1_One;
			sourceTree = "<group>";
		};
		E993E9491CD72792007221BE /* 2_Two */ = {
			isa = PBXGroup;
			children = (
				E993E94A1CD72792007221BE /* two.cpp */,
				E9027C9D1CDD1B54009BD3FB /* File */,
			);
			path = 2_Two;
			sourceTree = "<group>";
		};
		E993E9541CD72799007221BE /* 3_Three */ = {
			isa = PBXGroup;
			children = (
				E993E9551CD72799007221BE /* three.cpp */,
			);
			path = 3_Three;
			sourceTree = "<group>";
		};
		E993E9851CD727E6007221BE /* 4_Four */ = {
			isa = PBXGroup;
			children = (
				E993E9861CD727E6007221BE /* four.cpp */,
			);
			path = 4_Four;
			sourceTree = "<group>";
		};
		E993E9901CD727EC007221BE /* 5_Five */ = {
			isa = PBXGroup;
			children = (
				E993E9911CD727EC007221BE /* five.cpp */,
				E9FF30171CE105E700B00C74 /* File */,
			);
			path = 5_Five;
			sourceTree = "<group>";
		};
/* End PBXGroup section */

/* Begin PBXNativeTarget section */
		E993E93C1CD72789007221BE /* 1_One */ = {
			isa = PBXNativeTarget;
			buildConfigurationList = E993E9411CD72789007221BE /* Build configuration list for PBXNativeTarget "1_One" */;
			buildPhases = (
				E993E9391CD72789007221BE /* Sources */,
				E993E93A1CD72789007221BE /* Frameworks */,
				E993E93B1CD72789007221BE /* CopyFiles */,
			);
			buildRules = (
			);
			dependencies = (
			);
			name = 1_One;
			productName = 1_One;
			productReference = E993E93D1CD72789007221BE /* 1_One */;
			productType = "com.apple.product-type.tool";
		};
		E993E9471CD72792007221BE /* 2_Two */ = {
			isa = PBXNativeTarget;
			buildConfigurationList = E993E94C1CD72792007221BE /* Build configuration list for PBXNativeTarget "2_Two" */;
			buildPhases = (
				E993E9441CD72792007221BE /* Sources */,
				E993E9451CD72792007221BE /* Frameworks */,
				E993E9461CD72792007221BE /* CopyFiles */,
			);
			buildRules = (
			);
			dependencies = (
			);
			name = 2_Two;
			productName = 2_Two;
			productReference = E993E9481CD72792007221BE /* 2_Two */;
			productType = "com.apple.product-type.tool";
		};
		E993E9521CD72799007221BE /* 3_Three */ = {
			isa = PBXNativeTarget;
			buildConfigurationList = E993E9571CD72799007221BE /* Build configuration list for PBXNativeTarget "3_Three" */;
			buildPhases = (
				E993E94F1CD72799007221BE /* Sources */,
				E993E9501CD72799007221BE /* Frameworks */,
				E993E9511CD72799007221BE /* CopyFiles */,
			);
			buildRules = (
			);
			dependencies = (
			);
			name = 3_Three;
			productName = 3_Three;
			productReference = E993E9531CD72799007221BE /* 3_Three */;
			productType = "com.apple.product-type.tool";
		};
		E993E9831CD727E6007221BE /* 4_Four */ = {
			isa = PBXNativeTarget;
			buildConfigurationList = E993E9881CD727E6007221BE /* Build configuration list for PBXNativeTarget "4_Four" */;
			buildPhases = (
				E993E9801CD727E6007221BE /* Sources */,
				E993E9811CD727E6007221BE /* Frameworks */,
				E993E9821CD727E6007221BE /* CopyFiles */,
			);
			buildRules = (
			);
			dependencies = (
			);
			name = 4_Four;
			productName = 4_Four;
			productReference = E993E9841CD727E6007221BE /* 4_Four */;
			productType = "com.apple.product-type.tool";
		};
		E993E98E1CD727EC007221BE /* 5_Five */ = {
			isa = PBXNativeTarget;
			buildConfigurationList = E993E9931CD727EC007221BE /* Build configuration list for PBXNativeTarget "5_Five" */;
			buildPhases = (
				E993E98B1CD727EC007221BE /* Sources */,
				E993E98C1CD727EC007221BE /* Frameworks */,
				E993E98D1CD727EC007221BE /* CopyFiles */,
			);
			buildRules = (
			);
			dependencies = (
			);
			name = 5_Five;
			productName = 5_Five;
			productReference = E993E98F1CD727EC007221BE /* 5_Five */;
			productType = "com.apple.product-type.tool";
		};
/* End PBXNativeTarget section */

/* Begin PBXProject section */
		E993E9271CD7277F007221BE /* Project object */ = {
			isa = PBXProject;
			attributes = {
				LastUpgradeCheck = 0730;
				ORGANIZATIONNAME = "Thomas Edlich";
				TargetAttributes = {
					E993E93C1CD72789007221BE = {
						CreatedOnToolsVersion = 7.3;
					};
					E993E9471CD72792007221BE = {
						CreatedOnToolsVersion = 7.3;
					};
					E993E9521CD72799007221BE = {
						CreatedOnToolsVersion = 7.3;
					};
					E993E9831CD727E6007221BE = {
						CreatedOnToolsVersion = 7.3;
					};
					E993E98E1CD727EC007221BE = {
						CreatedOnToolsVersion = 7.3;
					};
				};
			};
			buildConfigurationList = E993E92A1CD7277F007221BE /* Build configuration list for PBXProject "Week4" */;
			compatibilityVersion = "Xcode 3.2";
			developmentRegion = English;
			hasScannedForEncodings = 0;
			knownRegions = (
				en,
			);
			mainGroup = E993E9261CD7277F007221BE;
			productRefGroup = E993E9301CD7277F007221BE /* Products */;
			projectDirPath = "";
			projectRoot = "";
			targets = (
				E993E93C1CD72789007221BE /* 1_One */,
				E993E9471CD72792007221BE /* 2_Two */,
				E993E9521CD72799007221BE /* 3_Three */,
				E993E9831CD727E6007221BE /* 4_Four */,
				E993E98E1CD727EC007221BE /* 5_Five */,
			);
		};
/* End PBXProject section */

/* Begin PBXSourcesBuildPhase section */
		E993E9391CD72789007221BE /* Sources */ = {
			isa = PBXSourcesBuildPhase;
			buildActionMask = 2147483647;
			files = (
				E993E9401CD72789007221BE /* one.cpp in Sources */,
			);
			runOnlyForDeploymentPostprocessing = 0;
		};
		E993E9441CD72792007221BE /* Sources */ = {
			isa = PBXSourcesBuildPhase;
			buildActionMask = 2147483647;
			files = (
				E993E94B1CD72792007221BE /* two.cpp in Sources */,
			);
			runOnlyForDeploymentPostprocessing = 0;
		};
		E993E94F1CD72799007221BE /* Sources */ = {
			isa = PBXSourcesBuildPhase;
			buildActionMask = 2147483647;
			files = (
				E993E9561CD72799007221BE /* three.cpp in Sources */,
			);
			runOnlyForDeploymentPostprocessing = 0;
		};
		E993E9801CD727E6007221BE /* Sources */ = {
			isa = PBXSourcesBuildPhase;
			buildActionMask = 2147483647;
			files = (
				E993E9871CD727E6007221BE /* four.cpp in Sources */,
			);
			runOnlyForDeploymentPostprocessing = 0;
		};
		E993E98B1CD727EC007221BE /* Sources */ = {
			isa = PBXSourcesBuildPhase;
			buildActionMask = 2147483647;
			files = (
				E993E9921CD727EC007221BE /* five.cpp in Sources */,
			);
			runOnlyForDeploymentPostprocessing = 0;
		};
/* End PBXSourcesBuildPhase section */

/* Begin XCBuildConfiguration section */
		E993E9341CD7277F007221BE /* Debug */ = {
			isa = XCBuildConfiguration;
			buildSettings = {
				ALWAYS_SEARCH_USER_PATHS = NO;
				CLANG_ANALYZER_NONNULL = YES;
				CLANG_CXX_LANGUAGE_STANDARD = "c++0x";
				CLANG_CXX_LIBRARY = "compiler-default";
				CLANG_ENABLE_MODULES = YES;
				CLANG_ENABLE_OBJC_ARC = YES;
				CLANG_WARN_BOOL_CONVERSION = YES;
				CLANG_WARN_CONSTANT_CONVERSION = YES;
				CLANG_WARN_DIRECT_OBJC_ISA_USAGE = YES_ERROR;
				CLANG_WARN_EMPTY_BODY = YES;
				CLANG_WARN_ENUM_CONVERSION = YES;
				CLANG_WARN_INT_CONVERSION = YES;
				CLANG_WARN_OBJC_ROOT_CLASS = YES_ERROR;
				CLANG_WARN_UNREACHABLE_CODE = YES;
				CLANG_WARN__DUPLICATE_METHOD_MATCH = YES;
				CODE_SIGN_IDENTITY = "-";
				COPY_PHASE_STRIP = NO;
				DEBUG_INFORMATION_FORMAT = dwarf;
				ENABLE_STRICT_OBJC_MSGSEND = YES;
				ENABLE_TESTABILITY = YES;
				GCC_C_LANGUAGE_STANDARD = c11;
				GCC_DYNAMIC_NO_PIC = NO;
				GCC_ENABLE_BUILTIN_FUNCTIONS = YES;
				GCC_NO_COMMON_BLOCKS = YES;
				GCC_OPTIMIZATION_LEVEL = 0;
				GCC_PREPROCESSOR_DEFINITIONS = (
					"DEBUG=1",
					"$(inherited)",
				);
				GCC_WARN_64_TO_32_BIT_CONVERSION = YES;
				GCC_WARN_ABOUT_RETURN_TYPE = YES_ERROR;
				GCC_WARN_UNDECLARED_SELECTOR = YES;
				GCC_WARN_UNINITIALIZED_AUTOS = YES_AGGRESSIVE;
				GCC_WARN_UNUSED_FUNCTION = YES;
				GCC_WARN_UNUSED_VARIABLE = YES;
				MACOSX_DEPLOYMENT_TARGET = 10.11;
				MTL_ENABLE_DEBUG_INFO = YES;
				ONLY_ACTIVE_ARCH = YES;
				SDKROOT = macosx;
			};
			name = Debug;
		};
		E993E9351CD7277F007221BE /* Release */ = {
			isa = XCBuildConfiguration;
			buildSettings = {
				ALWAYS_SEARCH_USER_PATHS = NO;
				CLANG_ANALYZER_NONNULL = YES;
				CLANG_CXX_LANGUAGE_STANDARD = "c++0x";
				CLANG_CXX_LIBRARY = "compiler-default";
				CLANG_ENABLE_MODULES = YES;
				CLANG_ENABLE_OBJC_ARC = YES;
				CLANG_WARN_BOOL_CONVERSION = YES;
				CLANG_WARN_CONSTANT_CONVERSION = YES;
				CLANG_WARN_DIRECT_OBJC_ISA_USAGE = YES_ERROR;
				CLANG_WARN_EMPTY_BODY = YES;
				CLANG_WARN_ENUM_CONVERSION = YES;
				CLANG_WARN_INT_CONVERSION = YES;
				CLANG_WARN_OBJC_ROOT_CLASS = YES_ERROR;
				CLANG_WARN_UNREACHABLE_CODE = YES;
				CLANG_WARN__DUPLICATE_METHOD_MATCH = YES;
				CODE_SIGN_IDENTITY = "-";
				COPY_PHASE_STRIP = NO;
				DEBUG_INFORMATION_FORMAT = "dwarf-with-dsym";
				ENABLE_NS_ASSERTIONS = NO;
				ENABLE_STRICT_OBJC_MSGSEND = YES;
				GCC_C_LANGUAGE_STANDARD = c11;
				GCC_ENABLE_BUILTIN_FUNCTIONS = YES;
				GCC_NO_COMMON_BLOCKS = YES;
				GCC_OPTIMIZATION_LEVEL = s;
				GCC_WARN_64_TO_32_BIT_CONVERSION = YES;
				GCC_WARN_ABOUT_RETURN_TYPE = YES_ERROR;
				GCC_WARN_UNDECLARED_SELECTOR = YES;
				GCC_WARN_UNINITIALIZED_AUTOS = YES_AGGRESSIVE;
				GCC_WARN_UNUSED_FUNCTION = YES;
				GCC_WARN_UNUSED_VARIABLE = YES;
				MACOSX_DEPLOYMENT_TARGET = 10.11;
				MTL_ENABLE_DEBUG_INFO = NO;
				SDKROOT = macosx;
			};
			name = Release;
		};
		E993E9421CD72789007221BE /* Debug */ = {
			isa = XCBuildConfiguration;
			buildSettings = {
				PRODUCT_NAME = "$(TARGET_NAME)";
			};
			name = Debug;
		};
		E993E9431CD72789007221BE /* Release */ = {
			isa = XCBuildConfiguration;
			buildSettings = {
				PRODUCT_NAME = "$(TARGET_NAME)";
			};
			name = Release;
		};
		E993E94D1CD72792007221BE /* Debug */ = {
			isa = XCBuildConfiguration;
			buildSettings = {
				PRODUCT_NAME = "$(TARGET_NAME)";
			};
			name = Debug;
		};
		E993E94E1CD72792007221BE /* Release */ = {
			isa = XCBuildConfiguration;
			buildSettings = {
				PRODUCT_NAME = "$(TARGET_NAME)";
			};
			name = Release;
		};
		E993E9581CD72799007221BE /* Debug */ = {
			isa = XCBuildConfiguration;
			buildSettings = {
				PRODUCT_NAME = "$(TARGET_NAME)";
			};
			name = Debug;
		};
		E993E9591CD72799007221BE /* Release */ = {
			isa = XCBuildConfiguration;
			buildSettings = {
				PRODUCT_NAME = "$(TARGET_NAME)";
			};
			name = Release;
		};
		E993E9891CD727E6007221BE /* Debug */ = {
			isa = XCBuildConfiguration;
			buildSettings = {
				PRODUCT_NAME = "$(TARGET_NAME)";
			};
			name = Debug;
		};
		E993E98A1CD727E6007221BE /* Release */ = {
			isa = XCBuildConfiguration;
			buildSettings = {
				PRODUCT_NAME = "$(TARGET_NAME)";
			};
			name = Release;
		};
		E993E9941CD727EC007221BE /* Debug */ = {
			isa = XCBuildConfiguration;
			buildSettings = {
				CLANG_CXX_LIBRARY = "compiler-default";
				GCC_VERSION = "";
				LINK_WITH_STANDARD_LIBRARIES = YES;
				PRODUCT_NAME = "$(TARGET_NAME)";
			};
			name = Debug;
		};
		E993E9951CD727EC007221BE /* Release */ = {
			isa = XCBuildConfiguration;
			buildSettings = {
				CLANG_CXX_LIBRARY = "compiler-default";
				GCC_VERSION = "";
				LINK_WITH_STANDARD_LIBRARIES = YES;
				PRODUCT_NAME = "$(TARGET_NAME)";
			};
			name = Release;
		};
/* End XCBuildConfiguration section */

/* Begin XCConfigurationList section */
		E993E92A1CD7277F007221BE /* Build configuration list for PBXProject "Week4" */ = {
			isa = XCConfigurationList;
			buildConfigurations = (
				E993E9341CD7277F007221BE /* Debug */,
				E993E9351CD7277F007221BE /* Release */,
			);
			defaultConfigurationIsVisible = 0;
			defaultConfigurationName = Release;
		};
		E993E9411CD72789007221BE /* Build configuration list for PBXNativeTarget "1_One" */ = {
			isa = XCConfigurationList;
			buildConfigurations = (
				E993E9421CD72789007221BE /* Debug */,
				E993E9431CD72789007221BE /* Release */,
			);
			defaultConfigurationIsVisible = 0;
			defaultConfigurationName = Release;
		};
		E993E94C1CD72792007221BE /* Build configuration list for PBXNativeTarget "2_Two" */ = {
			isa = XCConfigurationList;
			buildConfigurations = (
				E993E94D1CD72792007221BE /* Debug */,
				E993E94E1CD72792007221BE /* Release */,
			);
			defaultConfigurationIsVisible = 0;
			defaultConfigurationName = Release;
		};
		E993E9571CD72799007221BE /* Build configuration list for PBXNativeTarget "3_Three" */ = {
			isa = XCConfigurationList;
			buildConfigurations = (
				E993E9581CD72799007221BE /* Debug */,
				E993E9591CD72799007221BE /* Release */,
			);
			defaultConfigurationIsVisible = 0;
			defaultConfigurationName = Release;
		};
		E993E9881CD727E6007221BE /* Build configuration list for PBXNativeTarget "4_Four" */ = {
			isa = XCConfigurationList;
			buildConfigurations = (
				E993E9891CD727E6007221BE /* Debug */,
				E993E98A1CD727E6007221BE /* Release */,
			);
			defaultConfigurationIsVisible = 0;
			defaultConfigurationName = Release;
		};
		E993E9931CD727EC007221BE /* Build configuration list for PBXNativeTarget "5_Five" */ = {
			isa = XCConfigurationList;
			buildConfigurations = (
				E993E9941CD727EC007221BE /* Debug */,
				E993E9951CD727EC007221BE /* Release */,
			);
			defaultConfigurationIsVisible = 0;
			defaultConfigurationName = Release;
		};
/* End XCConfigurationList section */
	};
	rootObject = E993E9271CD7277F007221BE /* Project object */;
}
